// !$*UTF8*$!
{
	archiveVersion = 1;
	classes = {
	};
	objectVersion = 46;
	objects = {

/* Begin PBXBuildFile section */
		01D364F517D2320E006E4A5E /* UIKit.framework in Frameworks */ = {isa = PBXBuildFile; fileRef = 01D364F417D2320E006E4A5E /* UIKit.framework */; };
		01D364F717D2320E006E4A5E /* Foundation.framework in Frameworks */ = {isa = PBXBuildFile; fileRef = 01D364F617D2320E006E4A5E /* Foundation.framework */; };
		01D364F917D2320E006E4A5E /* CoreGraphics.framework in Frameworks */ = {isa = PBXBuildFile; fileRef = 01D364F817D2320E006E4A5E /* CoreGraphics.framework */; };
		01D364FF17D2320E006E4A5E /* InfoPlist.strings in Resources */ = {isa = PBXBuildFile; fileRef = 01D364FD17D2320E006E4A5E /* InfoPlist.strings */; };
		01D3650117D2320E006E4A5E /* main.m in Sources */ = {isa = PBXBuildFile; fileRef = 01D3650017D2320E006E4A5E /* main.m */; };
		01D3650517D2320E006E4A5E /* AppDelegate.m in Sources */ = {isa = PBXBuildFile; fileRef = 01D3650417D2320E006E4A5E /* AppDelegate.m */; };
		01D3650717D2320E006E4A5E /* Default.png in Resources */ = {isa = PBXBuildFile; fileRef = 01D3650617D2320E006E4A5E /* Default.png */; };
		01D3650917D2320E006E4A5E /* Default@2x.png in Resources */ = {isa = PBXBuildFile; fileRef = 01D3650817D2320E006E4A5E /* Default@2x.png */; };
		01D3650B17D2320E006E4A5E /* Default-568h@2x.png in Resources */ = {isa = PBXBuildFile; fileRef = 01D3650A17D2320E006E4A5E /* Default-568h@2x.png */; };
		01D3650E17D2320E006E4A5E /* SearchViewController.m in Sources */ = {isa = PBXBuildFile; fileRef = 01D3650D17D2320E006E4A5E /* SearchViewController.m */; };
		01D3651117D2320E006E4A5E /* SearchViewController.xib in Resources */ = {isa = PBXBuildFile; fileRef = 01D3650F17D2320E006E4A5E /* SearchViewController.xib */; };
		01D3651917D2426B006E4A5E /* SearchResult.m in Sources */ = {isa = PBXBuildFile; fileRef = 01D3651817D2426B006E4A5E /* SearchResult.m */; };
		01D3652A17D2B9F9006E4A5E /* BarTexture.png in Resources */ = {isa = PBXBuildFile; fileRef = 01D3651B17D2B9F9006E4A5E /* BarTexture.png */; };
		01D3652B17D2B9F9006E4A5E /* BarTexture@2x.png in Resources */ = {isa = PBXBuildFile; fileRef = 01D3651C17D2B9F9006E4A5E /* BarTexture@2x.png */; };
		01D3652C17D2B9F9006E4A5E /* CloseButton.png in Resources */ = {isa = PBXBuildFile; fileRef = 01D3651D17D2B9F9006E4A5E /* CloseButton.png */; };
		01D3652D17D2B9F9006E4A5E /* CloseButton@2x.png in Resources */ = {isa = PBXBuildFile; fileRef = 01D3651E17D2B9F9006E4A5E /* CloseButton@2x.png */; };
		01D3652E17D2B9F9006E4A5E /* DetailPlaceholder.png in Resources */ = {isa = PBXBuildFile; fileRef = 01D3651F17D2B9F9006E4A5E /* DetailPlaceholder.png */; };
		01D3652F17D2B9F9006E4A5E /* DetailPlaceholder@2x.png in Resources */ = {isa = PBXBuildFile; fileRef = 01D3652017D2B9F9006E4A5E /* DetailPlaceholder@2x.png */; };
		01D3653017D2B9F9006E4A5E /* LandscapeBackground.png in Resources */ = {isa = PBXBuildFile; fileRef = 01D3652117D2B9F9006E4A5E /* LandscapeBackground.png */; };
		01D3653117D2B9F9006E4A5E /* LandscapeButton.png in Resources */ = {isa = PBXBuildFile; fileRef = 01D3652217D2B9F9006E4A5E /* LandscapeButton.png */; };
		01D3653217D2B9F9006E4A5E /* LandscapeButton@2x.png in Resources */ = {isa = PBXBuildFile; fileRef = 01D3652317D2B9F9006E4A5E /* LandscapeButton@2x.png */; };
		01D3653317D2B9F9006E4A5E /* Placeholder.png in Resources */ = {isa = PBXBuildFile; fileRef = 01D3652417D2B9F9006E4A5E /* Placeholder.png */; };
		01D3653417D2B9F9006E4A5E /* Placeholder@2x.png in Resources */ = {isa = PBXBuildFile; fileRef = 01D3652517D2B9F9006E4A5E /* Placeholder@2x.png */; };
		01D3653517D2B9F9006E4A5E /* SelectedTableCellGradient.png in Resources */ = {isa = PBXBuildFile; fileRef = 01D3652617D2B9F9006E4A5E /* SelectedTableCellGradient.png */; };
		01D3653617D2B9F9006E4A5E /* StoreButton.png in Resources */ = {isa = PBXBuildFile; fileRef = 01D3652717D2B9F9006E4A5E /* StoreButton.png */; };
		01D3653717D2B9F9006E4A5E /* StoreButton@2x.png in Resources */ = {isa = PBXBuildFile; fileRef = 01D3652817D2B9F9006E4A5E /* StoreButton@2x.png */; };
		01D3653817D2B9F9006E4A5E /* TableCellGradient.png in Resources */ = {isa = PBXBuildFile; fileRef = 01D3652917D2B9F9006E4A5E /* TableCellGradient.png */; };
		01D3653A17D2BA35006E4A5E /* SearchResultCell.xib in Resources */ = {isa = PBXBuildFile; fileRef = 01D3653917D2BA35006E4A5E /* SearchResultCell.xib */; };
		01D3653D17D2BF44006E4A5E /* SearchResultCell.m in Sources */ = {isa = PBXBuildFile; fileRef = 01D3653C17D2BF44006E4A5E /* SearchResultCell.m */; };
		01D3653F17D2C5A3006E4A5E /* NothingFoundCell.xib in Resources */ = {isa = PBXBuildFile; fileRef = 01D3653E17D2C5A3006E4A5E /* NothingFoundCell.xib */; };
		01D3655D17D2CF06006E4A5E /* Icon-72.png in Resources */ = {isa = PBXBuildFile; fileRef = 01D3655417D2CF06006E4A5E /* Icon-72.png */; };
		01D3655E17D2CF06006E4A5E /* Icon-72@2x.png in Resources */ = {isa = PBXBuildFile; fileRef = 01D3655517D2CF06006E4A5E /* Icon-72@2x.png */; };
		01D3655F17D2CF06006E4A5E /* Icon-Small-50.png in Resources */ = {isa = PBXBuildFile; fileRef = 01D3655617D2CF06006E4A5E /* Icon-Small-50.png */; };
		01D3656017D2CF06006E4A5E /* Icon-Small-50@2x.png in Resources */ = {isa = PBXBuildFile; fileRef = 01D3655717D2CF06006E4A5E /* Icon-Small-50@2x.png */; };
		01D3656117D2CF06006E4A5E /* Icon-Small.png in Resources */ = {isa = PBXBuildFile; fileRef = 01D3655817D2CF06006E4A5E /* Icon-Small.png */; };
		01D3656217D2CF06006E4A5E /* Icon-Small@2x.png in Resources */ = {isa = PBXBuildFile; fileRef = 01D3655917D2CF06006E4A5E /* Icon-Small@2x.png */; };
		01D3656317D2CF06006E4A5E /* Icon.png in Resources */ = {isa = PBXBuildFile; fileRef = 01D3655A17D2CF06006E4A5E /* Icon.png */; };
		01D3656417D2CF06006E4A5E /* Icon@2x.png in Resources */ = {isa = PBXBuildFile; fileRef = 01D3655B17D2CF06006E4A5E /* Icon@2x.png */; };
		01D3656517D2CF06006E4A5E /* iTunesArtwork in Resources */ = {isa = PBXBuildFile; fileRef = 01D3655C17D2CF06006E4A5E /* iTunesArtwork */; };
/* End PBXBuildFile section */

/* Begin PBXFileReference section */
		01D364F117D2320E006E4A5E /* StoreSearch.app */ = {isa = PBXFileReference; explicitFileType = wrapper.application; includeInIndex = 0; path = StoreSearch.app; sourceTree = BUILT_PRODUCTS_DIR; };
		01D364F417D2320E006E4A5E /* UIKit.framework */ = {isa = PBXFileReference; lastKnownFileType = wrapper.framework; name = UIKit.framework; path = System/Library/Frameworks/UIKit.framework; sourceTree = SDKROOT; };
		01D364F617D2320E006E4A5E /* Foundation.framework */ = {isa = PBXFileReference; lastKnownFileType = wrapper.framework; name = Foundation.framework; path = System/Library/Frameworks/Foundation.framework; sourceTree = SDKROOT; };
		01D364F817D2320E006E4A5E /* CoreGraphics.framework */ = {isa = PBXFileReference; lastKnownFileType = wrapper.framework; name = CoreGraphics.framework; path = System/Library/Frameworks/CoreGraphics.framework; sourceTree = SDKROOT; };
		01D364FC17D2320E006E4A5E /* StoreSearch-Info.plist */ = {isa = PBXFileReference; lastKnownFileType = text.plist.xml; path = "StoreSearch-Info.plist"; sourceTree = "<group>"; };
		01D364FE17D2320E006E4A5E /* en */ = {isa = PBXFileReference; lastKnownFileType = text.plist.strings; name = en; path = en.lproj/InfoPlist.strings; sourceTree = "<group>"; };
		01D3650017D2320E006E4A5E /* main.m */ = {isa = PBXFileReference; lastKnownFileType = sourcecode.c.objc; path = main.m; sourceTree = "<group>"; };
		01D3650217D2320E006E4A5E /* StoreSearch-Prefix.pch */ = {isa = PBXFileReference; lastKnownFileType = sourcecode.c.h; path = "StoreSearch-Prefix.pch"; sourceTree = "<group>"; };
		01D3650317D2320E006E4A5E /* AppDelegate.h */ = {isa = PBXFileReference; lastKnownFileType = sourcecode.c.h; path = AppDelegate.h; sourceTree = "<group>"; };
		01D3650417D2320E006E4A5E /* AppDelegate.m */ = {isa = PBXFileReference; lastKnownFileType = sourcecode.c.objc; path = AppDelegate.m; sourceTree = "<group>"; };
		01D3650617D2320E006E4A5E /* Default.png */ = {isa = PBXFileReference; lastKnownFileType = image.png; path = Default.png; sourceTree = "<group>"; };
		01D3650817D2320E006E4A5E /* Default@2x.png */ = {isa = PBXFileReference; lastKnownFileType = image.png; path = "Default@2x.png"; sourceTree = "<group>"; };
		01D3650A17D2320E006E4A5E /* Default-568h@2x.png */ = {isa = PBXFileReference; lastKnownFileType = image.png; path = "Default-568h@2x.png"; sourceTree = "<group>"; };
		01D3650C17D2320E006E4A5E /* SearchViewController.h */ = {isa = PBXFileReference; lastKnownFileType = sourcecode.c.h; path = SearchViewController.h; sourceTree = "<group>"; };
		01D3650D17D2320E006E4A5E /* SearchViewController.m */ = {isa = PBXFileReference; lastKnownFileType = sourcecode.c.objc; path = SearchViewController.m; sourceTree = "<group>"; };
		01D3651017D2320E006E4A5E /* en */ = {isa = PBXFileReference; lastKnownFileType = file.xib; name = en; path = en.lproj/SearchViewController.xib; sourceTree = "<group>"; };
		01D3651717D2426B006E4A5E /* SearchResult.h */ = {isa = PBXFileReference; fileEncoding = 4; lastKnownFileType = sourcecode.c.h; path = SearchResult.h; sourceTree = "<group>"; };
		01D3651817D2426B006E4A5E /* SearchResult.m */ = {isa = PBXFileReference; fileEncoding = 4; lastKnownFileType = sourcecode.c.objc; path = SearchResult.m; sourceTree = "<group>"; };
		01D3651B17D2B9F9006E4A5E /* BarTexture.png */ = {isa = PBXFileReference; lastKnownFileType = image.png; path = BarTexture.png; sourceTree = "<group>"; };
		01D3651C17D2B9F9006E4A5E /* BarTexture@2x.png */ = {isa = PBXFileReference; lastKnownFileType = image.png; path = "BarTexture@2x.png"; sourceTree = "<group>"; };
		01D3651D17D2B9F9006E4A5E /* CloseButton.png */ = {isa = PBXFileReference; lastKnownFileType = image.png; path = CloseButton.png; sourceTree = "<group>"; };
		01D3651E17D2B9F9006E4A5E /* CloseButton@2x.png */ = {isa = PBXFileReference; lastKnownFileType = image.png; path = "CloseButton@2x.png"; sourceTree = "<group>"; };
		01D3651F17D2B9F9006E4A5E /* DetailPlaceholder.png */ = {isa = PBXFileReference; lastKnownFileType = image.png; path = DetailPlaceholder.png; sourceTree = "<group>"; };
		01D3652017D2B9F9006E4A5E /* DetailPlaceholder@2x.png */ = {isa = PBXFileReference; lastKnownFileType = image.png; path = "DetailPlaceholder@2x.png"; sourceTree = "<group>"; };
		01D3652117D2B9F9006E4A5E /* LandscapeBackground.png */ = {isa = PBXFileReference; lastKnownFileType = image.png; path = LandscapeBackground.png; sourceTree = "<group>"; };
		01D3652217D2B9F9006E4A5E /* LandscapeButton.png */ = {isa = PBXFileReference; lastKnownFileType = image.png; path = LandscapeButton.png; sourceTree = "<group>"; };
		01D3652317D2B9F9006E4A5E /* LandscapeButton@2x.png */ = {isa = PBXFileReference; lastKnownFileType = image.png; path = "LandscapeButton@2x.png"; sourceTree = "<group>"; };
		01D3652417D2B9F9006E4A5E /* Placeholder.png */ = {isa = PBXFileReference; lastKnownFileType = image.png; path = Placeholder.png; sourceTree = "<group>"; };
		01D3652517D2B9F9006E4A5E /* Placeholder@2x.png */ = {isa = PBXFileReference; lastKnownFileType = image.png; path = "Placeholder@2x.png"; sourceTree = "<group>"; };
		01D3652617D2B9F9006E4A5E /* SelectedTableCellGradient.png */ = {isa = PBXFileReference; lastKnownFileType = image.png; path = SelectedTableCellGradient.png; sourceTree = "<group>"; };
		01D3652717D2B9F9006E4A5E /* StoreButton.png */ = {isa = PBXFileReference; lastKnownFileType = image.png; path = StoreButton.png; sourceTree = "<group>"; };
		01D3652817D2B9F9006E4A5E /* StoreButton@2x.png */ = {isa = PBXFileReference; lastKnownFileType = image.png; path = "StoreButton@2x.png"; sourceTree = "<group>"; };
		01D3652917D2B9F9006E4A5E /* TableCellGradient.png */ = {isa = PBXFileReference; lastKnownFileType = image.png; path = TableCellGradient.png; sourceTree = "<group>"; };
		01D3653917D2BA35006E4A5E /* SearchResultCell.xib */ = {isa = PBXFileReference; fileEncoding = 4; lastKnownFileType = file.xib; path = SearchResultCell.xib; sourceTree = "<group>"; };
		01D3653B17D2BF44006E4A5E /* SearchResultCell.h */ = {isa = PBXFileReference; fileEncoding = 4; lastKnownFileType = sourcecode.c.h; path = SearchResultCell.h; sourceTree = "<group>"; };
		01D3653C17D2BF44006E4A5E /* SearchResultCell.m */ = {isa = PBXFileReference; fileEncoding = 4; lastKnownFileType = sourcecode.c.objc; path = SearchResultCell.m; sourceTree = "<group>"; };
		01D3653E17D2C5A3006E4A5E /* NothingFoundCell.xib */ = {isa = PBXFileReference; fileEncoding = 4; lastKnownFileType = file.xib; path = NothingFoundCell.xib; sourceTree = "<group>"; };
		01D3655417D2CF06006E4A5E /* Icon-72.png */ = {isa = PBXFileReference; lastKnownFileType = image.png; path = "Icon-72.png"; sourceTree = "<group>"; };
		01D3655517D2CF06006E4A5E /* Icon-72@2x.png */ = {isa = PBXFileReference; lastKnownFileType = image.png; path = "Icon-72@2x.png"; sourceTree = "<group>"; };
		01D3655617D2CF06006E4A5E /* Icon-Small-50.png */ = {isa = PBXFileReference; lastKnownFileType = image.png; path = "Icon-Small-50.png"; sourceTree = "<group>"; };
		01D3655717D2CF06006E4A5E /* Icon-Small-50@2x.png */ = {isa = PBXFileReference; lastKnownFileType = image.png; path = "Icon-Small-50@2x.png"; sourceTree = "<group>"; };
		01D3655817D2CF06006E4A5E /* Icon-Small.png */ = {isa = PBXFileReference; lastKnownFileType = image.png; path = "Icon-Small.png"; sourceTree = "<group>"; };
		01D3655917D2CF06006E4A5E /* Icon-Small@2x.png */ = {isa = PBXFileReference; lastKnownFileType = image.png; path = "Icon-Small@2x.png"; sourceTree = "<group>"; };
		01D3655A17D2CF06006E4A5E /* Icon.png */ = {isa = PBXFileReference; lastKnownFileType = image.png; path = Icon.png; sourceTree = "<group>"; };
		01D3655B17D2CF06006E4A5E /* Icon@2x.png */ = {isa = PBXFileReference; lastKnownFileType = image.png; path = "Icon@2x.png"; sourceTree = "<group>"; };
		01D3655C17D2CF06006E4A5E /* iTunesArtwork */ = {isa = PBXFileReference; lastKnownFileType = file; path = iTunesArtwork; sourceTree = "<group>"; };
/* End PBXFileReference section */

/* Begin PBXFrameworksBuildPhase section */
		01D364EE17D2320E006E4A5E /* Frameworks */ = {
			isa = PBXFrameworksBuildPhase;
			buildActionMask = 2147483647;
			files = (
				01D364F517D2320E006E4A5E /* UIKit.framework in Frameworks */,
				01D364F717D2320E006E4A5E /* Foundation.framework in Frameworks */,
				01D364F917D2320E006E4A5E /* CoreGraphics.framework in Frameworks */,
			);
			runOnlyForDeploymentPostprocessing = 0;
		};
/* End PBXFrameworksBuildPhase section */

/* Begin PBXGroup section */
		01D364E817D2320E006E4A5E = {
			isa = PBXGroup;
			children = (
				01D364FA17D2320E006E4A5E /* StoreSearch */,
				01D364F317D2320E006E4A5E /* Frameworks */,
				01D364F217D2320E006E4A5E /* Products */,
			);
			sourceTree = "<group>";
		};
		01D364F217D2320E006E4A5E /* Products */ = {
			isa = PBXGroup;
			children = (
				01D364F117D2320E006E4A5E /* StoreSearch.app */,
			);
			name = Products;
			sourceTree = "<group>";
		};
		01D364F317D2320E006E4A5E /* Frameworks */ = {
			isa = PBXGroup;
			children = (
				01D364F417D2320E006E4A5E /* UIKit.framework */,
				01D364F617D2320E006E4A5E /* Foundation.framework */,
				01D364F817D2320E006E4A5E /* CoreGraphics.framework */,
			);
			name = Frameworks;
			sourceTree = "<group>";
		};
		01D364FA17D2320E006E4A5E /* StoreSearch */ = {
			isa = PBXGroup;
			children = (
				01D3650317D2320E006E4A5E /* AppDelegate.h */,
				01D3650417D2320E006E4A5E /* AppDelegate.m */,
				01D3650C17D2320E006E4A5E /* SearchViewController.h */,
				01D3650D17D2320E006E4A5E /* SearchViewController.m */,
				01D3653B17D2BF44006E4A5E /* SearchResultCell.h */,
				01D3653C17D2BF44006E4A5E /* SearchResultCell.m */,
				01D3653E17D2C5A3006E4A5E /* NothingFoundCell.xib */,
				01D3651717D2426B006E4A5E /* SearchResult.h */,
				01D3651817D2426B006E4A5E /* SearchResult.m */,
				01D3650F17D2320E006E4A5E /* SearchViewController.xib */,
				01D3653917D2BA35006E4A5E /* SearchResultCell.xib */,
				01D364FB17D2320E006E4A5E /* Supporting Files */,
			);
			path = StoreSearch;
			sourceTree = "<group>";
		};
		01D364FB17D2320E006E4A5E /* Supporting Files */ = {
			isa = PBXGroup;
			children = (
				01D3651A17D2B9DB006E4A5E /* images */,
				01D364FC17D2320E006E4A5E /* StoreSearch-Info.plist */,
				01D364FD17D2320E006E4A5E /* InfoPlist.strings */,
				01D3650017D2320E006E4A5E /* main.m */,
				01D3650217D2320E006E4A5E /* StoreSearch-Prefix.pch */,
				01D3650617D2320E006E4A5E /* Default.png */,
				01D3650817D2320E006E4A5E /* Default@2x.png */,
				01D3650A17D2320E006E4A5E /* Default-568h@2x.png */,
			);
			name = "Supporting Files";
			sourceTree = "<group>";
		};
		01D3651A17D2B9DB006E4A5E /* images */ = {
			isa = PBXGroup;
			children = (
				01D3655317D2CF06006E4A5E /* Icon */,
				01D3651B17D2B9F9006E4A5E /* BarTexture.png */,
				01D3651C17D2B9F9006E4A5E /* BarTexture@2x.png */,
				01D3651D17D2B9F9006E4A5E /* CloseButton.png */,
				01D3651E17D2B9F9006E4A5E /* CloseButton@2x.png */,
				01D3651F17D2B9F9006E4A5E /* DetailPlaceholder.png */,
				01D3652017D2B9F9006E4A5E /* DetailPlaceholder@2x.png */,
				01D3652117D2B9F9006E4A5E /* LandscapeBackground.png */,
				01D3652217D2B9F9006E4A5E /* LandscapeButton.png */,
				01D3652317D2B9F9006E4A5E /* LandscapeButton@2x.png */,
				01D3652417D2B9F9006E4A5E /* Placeholder.png */,
				01D3652517D2B9F9006E4A5E /* Placeholder@2x.png */,
				01D3652617D2B9F9006E4A5E /* SelectedTableCellGradient.png */,
				01D3652717D2B9F9006E4A5E /* StoreButton.png */,
				01D3652817D2B9F9006E4A5E /* StoreButton@2x.png */,
				01D3652917D2B9F9006E4A5E /* TableCellGradient.png */,
			);
			name = images;
			sourceTree = "<group>";
		};
		01D3655317D2CF06006E4A5E /* Icon */ = {
			isa = PBXGroup;
			children = (
				01D3655417D2CF06006E4A5E /* Icon-72.png */,
				01D3655517D2CF06006E4A5E /* Icon-72@2x.png */,
				01D3655617D2CF06006E4A5E /* Icon-Small-50.png */,
				01D3655717D2CF06006E4A5E /* Icon-Small-50@2x.png */,
				01D3655817D2CF06006E4A5E /* Icon-Small.png */,
				01D3655917D2CF06006E4A5E /* Icon-Small@2x.png */,
				01D3655A17D2CF06006E4A5E /* Icon.png */,
				01D3655B17D2CF06006E4A5E /* Icon@2x.png */,
				01D3655C17D2CF06006E4A5E /* iTunesArtwork */,
			);
			path = Icon;
			sourceTree = "<group>";
		};
/* End PBXGroup section */

/* Begin PBXNativeTarget section */
		01D364F017D2320E006E4A5E /* StoreSearch */ = {
			isa = PBXNativeTarget;
			buildConfigurationList = 01D3651417D2320E006E4A5E /* Build configuration list for PBXNativeTarget "StoreSearch" */;
			buildPhases = (
				01D364ED17D2320E006E4A5E /* Sources */,
				01D364EE17D2320E006E4A5E /* Frameworks */,
				01D364EF17D2320E006E4A5E /* Resources */,
			);
			buildRules = (
			);
			dependencies = (
			);
			name = StoreSearch;
			productName = StoreSearch;
			productReference = 01D364F117D2320E006E4A5E /* StoreSearch.app */;
			productType = "com.apple.product-type.application";
		};
/* End PBXNativeTarget section */

/* Begin PBXProject section */
		01D364E917D2320E006E4A5E /* Project object */ = {
			isa = PBXProject;
			attributes = {
				LastUpgradeCheck = 0460;
				ORGANIZATIONNAME = MaravillaTech;
			};
			buildConfigurationList = 01D364EC17D2320E006E4A5E /* Build configuration list for PBXProject "StoreSearch" */;
			compatibilityVersion = "Xcode 3.2";
			developmentRegion = English;
			hasScannedForEncodings = 0;
			knownRegions = (
				en,
			);
			mainGroup = 01D364E817D2320E006E4A5E;
			productRefGroup = 01D364F217D2320E006E4A5E /* Products */;
			projectDirPath = "";
			projectRoot = "";
			targets = (
				01D364F017D2320E006E4A5E /* StoreSearch */,
			);
		};
/* End PBXProject section */

/* Begin PBXResourcesBuildPhase section */
		01D364EF17D2320E006E4A5E /* Resources */ = {
			isa = PBXResourcesBuildPhase;
			buildActionMask = 2147483647;
			files = (
				01D364FF17D2320E006E4A5E /* InfoPlist.strings in Resources */,
				01D3650717D2320E006E4A5E /* Default.png in Resources */,
				01D3650917D2320E006E4A5E /* Default@2x.png in Resources */,
				01D3650B17D2320E006E4A5E /* Default-568h@2x.png in Resources */,
				01D3651117D2320E006E4A5E /* SearchViewController.xib in Resources */,
				01D3652A17D2B9F9006E4A5E /* BarTexture.png in Resources */,
				01D3652B17D2B9F9006E4A5E /* BarTexture@2x.png in Resources */,
				01D3652C17D2B9F9006E4A5E /* CloseButton.png in Resources */,
				01D3652D17D2B9F9006E4A5E /* CloseButton@2x.png in Resources */,
				01D3652E17D2B9F9006E4A5E /* DetailPlaceholder.png in Resources */,
				01D3652F17D2B9F9006E4A5E /* DetailPlaceholder@2x.png in Resources */,
				01D3653017D2B9F9006E4A5E /* LandscapeBackground.png in Resources */,
				01D3653117D2B9F9006E4A5E /* LandscapeButton.png in Resources */,
				01D3653217D2B9F9006E4A5E /* LandscapeButton@2x.png in Resources */,
				01D3653317D2B9F9006E4A5E /* Placeholder.png in Resources */,
				01D3653417D2B9F9006E4A5E /* Placeholder@2x.png in Resources */,
				01D3653517D2B9F9006E4A5E /* SelectedTableCellGradient.png in Resources */,
				01D3653617D2B9F9006E4A5E /* StoreButton.png in Resources */,
				01D3653717D2B9F9006E4A5E /* StoreButton@2x.png in Resources */,
				01D3653817D2B9F9006E4A5E /* TableCellGradient.png in Resources */,
				01D3653A17D2BA35006E4A5E /* SearchResultCell.xib in Resources */,
				01D3653F17D2C5A3006E4A5E /* NothingFoundCell.xib in Resources */,
				01D3655D17D2CF06006E4A5E /* Icon-72.png in Resources */,
				01D3655E17D2CF06006E4A5E /* Icon-72@2x.png in Resources */,
				01D3655F17D2CF06006E4A5E /* Icon-Small-50.png in Resources */,
				01D3656017D2CF06006E4A5E /* Icon-Small-50@2x.png in Resources */,
				01D3656117D2CF06006E4A5E /* Icon-Small.png in Resources */,
				01D3656217D2CF06006E4A5E /* Icon-Small@2x.png in Resources */,
				01D3656317D2CF06006E4A5E /* Icon.png in Resources */,
				01D3656417D2CF06006E4A5E /* Icon@2x.png in Resources */,
				01D3656517D2CF06006E4A5E /* iTunesArtwork in Resources */,
			);
			runOnlyForDeploymentPostprocessing = 0;
		};
/* End PBXResourcesBuildPhase section */

/* Begin PBXSourcesBuildPhase section */
		01D364ED17D2320E006E4A5E /* Sources */ = {
			isa = PBXSourcesBuildPhase;
			buildActionMask = 2147483647;
			files = (
				01D3650117D2320E006E4A5E /* main.m in Sources */,
				01D3650517D2320E006E4A5E /* AppDelegate.m in Sources */,
				01D3650E17D2320E006E4A5E /* SearchViewController.m in Sources */,
				01D3651917D2426B006E4A5E /* SearchResult.m in Sources */,
				01D3653D17D2BF44006E4A5E /* SearchResultCell.m in Sources */,
			);
			runOnlyForDeploymentPostprocessing = 0;
		};
/* End PBXSourcesBuildPhase section */

/* Begin PBXVariantGroup section */
		01D364FD17D2320E006E4A5E /* InfoPlist.strings */ = {
			isa = PBXVariantGroup;
			children = (
				01D364FE17D2320E006E4A5E /* en */,
			);
			name = InfoPlist.strings;
			sourceTree = "<group>";
		};
		01D3650F17D2320E006E4A5E /* SearchViewController.xib */ = {
			isa = PBXVariantGroup;
			children = (
				01D3651017D2320E006E4A5E /* en */,
			);
			name = SearchViewController.xib;
			sourceTree = "<group>";
		};
/* End PBXVariantGroup section */

/* Begin XCBuildConfiguration section */
		01D3651217D2320E006E4A5E /* Debug */ = {
			isa = XCBuildConfiguration;
			buildSettings = {
				ALWAYS_SEARCH_USER_PATHS = NO;
				CLANG_CXX_LANGUAGE_STANDARD = "gnu++0x";
				CLANG_CXX_LIBRARY = "libc++";
				CLANG_ENABLE_OBJC_ARC = YES;
				CLANG_WARN_CONSTANT_CONVERSION = YES;
				CLANG_WARN_EMPTY_BODY = YES;
				CLANG_WARN_ENUM_CONVERSION = YES;
				CLANG_WARN_INT_CONVERSION = YES;
				CLANG_WARN__DUPLICATE_METHOD_MATCH = YES;
				"CODE_SIGN_IDENTITY[sdk=iphoneos*]" = "iPhone Developer";
				COPY_PHASE_STRIP = NO;
				GCC_C_LANGUAGE_STANDARD = gnu99;
				GCC_DYNAMIC_NO_PIC = NO;
				GCC_OPTIMIZATION_LEVEL = 0;
				GCC_PREPROCESSOR_DEFINITIONS = (
					"DEBUG=1",
					"$(inherited)",
				);
				GCC_SYMBOLS_PRIVATE_EXTERN = NO;
				GCC_WARN_ABOUT_RETURN_TYPE = YES;
				GCC_WARN_UNINITIALIZED_AUTOS = YES;
				GCC_WARN_UNUSED_VARIABLE = YES;
				IPHONEOS_DEPLOYMENT_TARGET = 6.1;
				ONLY_ACTIVE_ARCH = YES;
				SDKROOT = iphoneos;
			};
			name = Debug;
		};
		01D3651317D2320E006E4A5E /* Release */ = {
			isa = XCBuildConfiguration;
			buildSettings = {
				ALWAYS_SEARCH_USER_PATHS = NO;
				CLANG_CXX_LANGUAGE_STANDARD = "gnu++0x";
				CLANG_CXX_LIBRARY = "libc++";
				CLANG_ENABLE_OBJC_ARC = YES;
				CLANG_WARN_CONSTANT_CONVERSION = YES;
				CLANG_WARN_EMPTY_BODY = YES;
				CLANG_WARN_ENUM_CONVERSION = YES;
				CLANG_WARN_INT_CONVERSION = YES;
				CLANG_WARN__DUPLICATE_METHOD_MATCH = YES;
				"CODE_SIGN_IDENTITY[sdk=iphoneos*]" = "iPhone Developer";
				COPY_PHASE_STRIP = YES;
				GCC_C_LANGUAGE_STANDARD = gnu99;
				GCC_WARN_ABOUT_RETURN_TYPE = YES;
				GCC_WARN_UNINITIALIZED_AUTOS = YES;
				GCC_WARN_UNUSED_VARIABLE = YES;
				IPHONEOS_DEPLOYMENT_TARGET = 6.1;
				OTHER_CFLAGS = "-DNS_BLOCK_ASSERTIONS=1";
				SDKROOT = iphoneos;
				VALIDATE_PRODUCT = YES;
			};
			name = Release;
		};
		01D3651517D2320E006E4A5E /* Debug */ = {
			isa = XCBuildConfiguration;
			buildSettings = {
				GCC_PRECOMPILE_PREFIX_HEADER = YES;
				GCC_PREFIX_HEADER = "StoreSearch/StoreSearch-Prefix.pch";
				INFOPLIST_FILE = "StoreSearch/StoreSearch-Info.plist";
				PRODUCT_NAME = "$(TARGET_NAME)";
				WRAPPER_EXTENSION = app;
			};
			name = Debug;
		};
		01D3651617D2320E006E4A5E /* Release */ = {
			isa = XCBuildConfiguration;
			buildSettings = {
				GCC_PRECOMPILE_PREFIX_HEADER = YES;
				GCC_PREFIX_HEADER = "StoreSearch/StoreSearch-Prefix.pch";
				INFOPLIST_FILE = "StoreSearch/StoreSearch-Info.plist";
				PRODUCT_NAME = "$(TARGET_NAME)";
				WRAPPER_EXTENSION = app;
			};
			name = Release;
		};
/* End XCBuildConfiguration section */

/* Begin XCConfigurationList section */
		01D364EC17D2320E006E4A5E /* Build configuration list for PBXProject "StoreSearch" */ = {
			isa = XCConfigurationList;
			buildConfigurations = (
				01D3651217D2320E006E4A5E /* Debug */,
				01D3651317D2320E006E4A5E /* Release */,
			);
			defaultConfigurationIsVisible = 0;
			defaultConfigurationName = Release;
		};
		01D3651417D2320E006E4A5E /* Build configuration list for PBXNativeTarget "StoreSearch" */ = {
			isa = XCConfigurationList;
			buildConfigurations = (
				01D3651517D2320E006E4A5E /* Debug */,
				01D3651617D2320E006E4A5E /* Release */,
			);
			defaultConfigurationIsVisible = 0;
		};
/* End XCConfigurationList section */
	};
	rootObject = 01D364E917D2320E006E4A5E /* Project object */;
}
